
Microsoft Visual Studio Solution File, Format Version 12.00
# Visual Studio 15
VisualStudioVersion = 15.0.26730.15
MinimumVisualStudioVersion = 10.0.40219.1
Project("{FAE04EC0-301F-11D3-BF4B-00C04F79EFBC}") = "QuickSeat", "QuickSeat\QuickSeat.csproj", "{90A4D40C-8403-4C73-B688-44D4D27554A2}"
EndProject
Global
	GlobalSection(SolutionConfigurationPlatforms) = preSolution
		Debug|Any CPU = Debug|Any CPU
		Release|Any CPU = Release|Any CPU
	EndGlobalSection
	GlobalSection(ProjectConfigurationPlatforms) = postSolution
		{90A4D40C-8403-4C73-B688-44D4D27554A2}.Debug|Any CPU.ActiveCfg = Debug|Any CPU
		{90A4D40C-8403-4C73-B688-44D4D27554A2}.Debug|Any CPU.Build.0 = Debug|Any CPU
		{90A4D40C-8403-4C73-B688-44D4D27554A2}.Release|Any CPU.ActiveCfg = Release|Any CPU
		{90A4D40C-8403-4C73-B688-44D4D27554A2}.Release|Any CPU.Build.0 = Release|Any CPU
	EndGlobalSection
	GlobalSection(SolutionProperties) = preSolution
		HideSolutionNode = FALSE
	EndGlobalSection
	GlobalSection(ExtensibilityGlobals) = postSolution
		SolutionGuid = {695C4AAB-7779-4156-B6BE-D9B97078B66C}
	EndGlobalSection
EndGlobal
